
Microsoft Visual Studio Solution File, Format Version 12.00
# Visual Studio 2012
Project("{FAE04EC0-301F-11D3-BF4B-00C04F79EFBC}") = "elapsed_event", "elapsed_event\elapsed_event.csproj", "{FA44757D-A9D8-46BF-9C34-B0BA9E0C604E}"
EndProject
Global
	GlobalSection(SolutionConfigurationPlatforms) = preSolution
		Debug|Any CPU = Debug|Any CPU
		Release|Any CPU = Release|Any CPU
	EndGlobalSection
	GlobalSection(ProjectConfigurationPlatforms) = postSolution
		{FA44757D-A9D8-46BF-9C34-B0BA9E0C604E}.Debug|Any CPU.ActiveCfg = Debug|Any CPU
		{FA44757D-A9D8-46BF-9C34-B0BA9E0C604E}.Debug|Any CPU.Build.0 = Debug|Any CPU
		{FA44757D-A9D8-46BF-9C34-B0BA9E0C604E}.Release|Any CPU.ActiveCfg = Release|Any CPU
		{FA44757D-A9D8-46BF-9C34-B0BA9E0C604E}.Release|Any CPU.Build.0 = Release|Any CPU
	EndGlobalSection
EndGlobal
